
Microsoft Visual Studio Solution File, Format Version 12.00
# Visual Studio 14
VisualStudioVersion = 14.0.25420.1
MinimumVisualStudioVersion = 10.0.40219.1
Project("{FAE04EC0-301F-11D3-BF4B-00C04F79EFBC}") = "Learn", "Learn\Learn.csproj", "{78D9F737-ADED-4601-956B-A46B0152F134}"
EndProject
Project("{FAE04EC0-301F-11D3-BF4B-00C04F79EFBC}") = "Learn.Tests", "Learn.Tests\Learn.Tests.csproj", "{F46293B3-A5FA-4B66-B414-97BDF5F659F4}"
EndProject
Global
	GlobalSection(SolutionConfigurationPlatforms) = preSolution
		Debug|Any CPU = Debug|Any CPU
		Release|Any CPU = Release|Any CPU
	EndGlobalSection
	GlobalSection(ProjectConfigurationPlatforms) = postSolution
		{78D9F737-ADED-4601-956B-A46B0152F134}.Debug|Any CPU.ActiveCfg = Debug|Any CPU
		{78D9F737-ADED-4601-956B-A46B0152F134}.Debug|Any CPU.Build.0 = Debug|Any CPU
		{78D9F737-ADED-4601-956B-A46B0152F134}.Release|Any CPU.ActiveCfg = Release|Any CPU
		{78D9F737-ADED-4601-956B-A46B0152F134}.Release|Any CPU.Build.0 = Release|Any CPU
		{F46293B3-A5FA-4B66-B414-97BDF5F659F4}.Debug|Any CPU.ActiveCfg = Debug|Any CPU
		{F46293B3-A5FA-4B66-B414-97BDF5F659F4}.Debug|Any CPU.Build.0 = Debug|Any CPU
		{F46293B3-A5FA-4B66-B414-97BDF5F659F4}.Release|Any CPU.ActiveCfg = Release|Any CPU
		{F46293B3-A5FA-4B66-B414-97BDF5F659F4}.Release|Any CPU.Build.0 = Release|Any CPU
	EndGlobalSection
	GlobalSection(SolutionProperties) = preSolution
		HideSolutionNode = FALSE
	EndGlobalSection
EndGlobal
